
Microsoft Visual Studio Solution File, Format Version 12.00
# Visual Studio 15
VisualStudioVersion = 15.0.28307.852
MinimumVisualStudioVersion = 10.0.40219.1
Project("{FAE04EC0-301F-11D3-BF4B-00C04F79EFBC}") = "WebApplication1", "WebApplication1\WebApplication1.csproj", "{895E9A1F-CBC4-477C-A304-8A7D7BF1D788}"
EndProject
Global
	GlobalSection(SolutionConfigurationPlatforms) = preSolution
		Debug|Any CPU = Debug|Any CPU
		Release|Any CPU = Release|Any CPU
	EndGlobalSection
	GlobalSection(ProjectConfigurationPlatforms) = postSolution
		{895E9A1F-CBC4-477C-A304-8A7D7BF1D788}.Debug|Any CPU.ActiveCfg = Debug|Any CPU
		{895E9A1F-CBC4-477C-A304-8A7D7BF1D788}.Debug|Any CPU.Build.0 = Debug|Any CPU
		{895E9A1F-CBC4-477C-A304-8A7D7BF1D788}.Release|Any CPU.ActiveCfg = Release|Any CPU
		{895E9A1F-CBC4-477C-A304-8A7D7BF1D788}.Release|Any CPU.Build.0 = Release|Any CPU
	EndGlobalSection
	GlobalSection(SolutionProperties) = preSolution
		HideSolutionNode = FALSE
	EndGlobalSection
	GlobalSection(ExtensibilityGlobals) = postSolution
		SolutionGuid = {2E679563-0D28-4175-84B2-B351BB819F37}
	EndGlobalSection
EndGlobal
